# THIS IS AN AUTOGENERATED FILE. DO NOT EDIT THIS FILE DIRECTLY.
# yarn lockfile v1


loadsh@^0.0.4:
  version "0.0.4"
  resolved "https://registry.yarnpkg.com/loadsh/-/loadsh-0.0.4.tgz#5314babd12bb13315dde024a4ca70758c5489d2d"
  integrity sha512-U+wLL8InpfRalWrr+0SuhWgGt10M4OyAk6G8xCYo2rwpiHtxZkWiFpjei0vO463ghW8LPCdhqQxXlMy2qicAEw==
